PODS:
  - AppsflyerCapacitorPlugin (6.12.1):
    - AppsFlyerFramework (= 6.12.1)
    - Capacitor
  - AppsFlyerFramework (6.12.1):
    - AppsFlyerFramework/Main (= 6.12.1)
  - AppsFlyerFramework/Main (6.12.1)
  - Capacitor (5.5.1):
    - CapacitorCordova
  - CapacitorAdPlugin (0.0.1):
    - Capacitor
  - CapacitorApp (5.0.6):
    - Capacitor
  - CapacitorCamera (5.0.7):
    - Capacitor
  - CapacitorClearPlugin (0.0.1):
    - Capacitor
  - CapacitorCommunityAdmob (5.0.0):
    - Capacitor
    - Google-Mobile-Ads-SDK (= 10.1.0)
  - CapacitorCommunityContacts (5.0.4):
    - Capacitor
  - CapacitorCommunityKeepAwake (4.0.0):
    - Capacitor
  - CapacitorCordova (5.5.1)
  - CapacitorDevice (5.0.6):
    - Capacitor
  - CapacitorKeyboard (5.0.6):
    - Capacitor
  - CapacitorPipPlugin (0.0.1):
    - Capacitor
  - CapacitorPreferences (5.0.6):
    - Capacitor
  - CapacitorPushNotifications (5.1.0):
    - Capacitor
  - CapacitorSplashScreen (5.0.6):
    - Capacitor
  - CapacitorStatusBar (5.0.6):
    - Capacitor
  - CordovaPlugins (5.5.1):
    - CapacitorCordova
    - SocketRocket (= 0.5.1)
  - Firebase/CoreOnly (10.16.0):
    - FirebaseCore (= 10.16.0)
  - Firebase/Messaging (10.16.0):
    - Firebase/CoreOnly
    - FirebaseMessaging (~> 10.16.0)
  - FirebaseCore (10.16.0):
    - FirebaseCoreInternal (~> 10.0)
    - GoogleUtilities/Environment (~> 7.8)
    - GoogleUtilities/Logger (~> 7.8)
  - FirebaseCoreInternal (10.16.0):
    - "GoogleUtilities/NSData+zlib (~> 7.8)"
  - FirebaseInstallations (10.16.0):
    - FirebaseCore (~> 10.0)
    - GoogleUtilities/Environment (~> 7.8)
    - GoogleUtilities/UserDefaults (~> 7.8)
    - PromisesObjC (~> 2.1)
  - FirebaseMessaging (10.16.0):
    - FirebaseCore (~> 10.0)
    - FirebaseInstallations (~> 10.0)
    - GoogleDataTransport (~> 9.2)
    - GoogleUtilities/AppDelegateSwizzler (~> 7.8)
    - GoogleUtilities/Environment (~> 7.8)
    - GoogleUtilities/Reachability (~> 7.8)
    - GoogleUtilities/UserDefaults (~> 7.8)
    - nanopb (< 2.30910.0, >= 2.30908.0)
  - Google-Mobile-Ads-SDK (10.1.0):
    - GoogleAppMeasurement (< 11.0, >= 7.0)
    - GoogleUserMessagingPlatform (>= 1.1)
  - GoogleAppMeasurement (10.16.0):
    - GoogleAppMeasurement/AdIdSupport (= 10.16.0)
    - GoogleUtilities/AppDelegateSwizzler (~> 7.11)
    - GoogleUtilities/MethodSwizzler (~> 7.11)
    - GoogleUtilities/Network (~> 7.11)
    - "GoogleUtilities/NSData+zlib (~> 7.11)"
    - nanopb (< 2.30910.0, >= 2.30908.0)
  - GoogleAppMeasurement/AdIdSupport (10.16.0):
    - GoogleAppMeasurement/WithoutAdIdSupport (= 10.16.0)
    - GoogleUtilities/AppDelegateSwizzler (~> 7.11)
    - GoogleUtilities/MethodSwizzler (~> 7.11)
    - GoogleUtilities/Network (~> 7.11)
    - "GoogleUtilities/NSData+zlib (~> 7.11)"
    - nanopb (< 2.30910.0, >= 2.30908.0)
  - GoogleAppMeasurement/WithoutAdIdSupport (10.16.0):
    - GoogleUtilities/AppDelegateSwizzler (~> 7.11)
    - GoogleUtilities/MethodSwizzler (~> 7.11)
    - GoogleUtilities/Network (~> 7.11)
    - "GoogleUtilities/NSData+zlib (~> 7.11)"
    - nanopb (< 2.30910.0, >= 2.30908.0)
  - GoogleDataTransport (9.2.5):
    - GoogleUtilities/Environment (~> 7.7)
    - nanopb (< 2.30910.0, >= 2.30908.0)
    - PromisesObjC (< 3.0, >= 1.2)
  - GoogleUserMessagingPlatform (2.1.0)
  - GoogleUtilities/AppDelegateSwizzler (7.11.5):
    - GoogleUtilities/Environment
    - GoogleUtilities/Logger
    - GoogleUtilities/Network
  - GoogleUtilities/Environment (7.11.5):
    - PromisesObjC (< 3.0, >= 1.2)
  - GoogleUtilities/Logger (7.11.5):
    - GoogleUtilities/Environment
  - GoogleUtilities/MethodSwizzler (7.11.5):
    - GoogleUtilities/Logger
  - GoogleUtilities/Network (7.11.5):
    - GoogleUtilities/Logger
    - "GoogleUtilities/NSData+zlib"
    - GoogleUtilities/Reachability
  - "GoogleUtilities/NSData+zlib (7.11.5)"
  - GoogleUtilities/Reachability (7.11.5):
    - GoogleUtilities/Logger
  - GoogleUtilities/UserDefaults (7.11.5):
    - GoogleUtilities/Logger
  - MozartecCapacitorMicrophone (5.0.0):
    - Capacitor
  - nanopb (2.30909.0):
    - nanopb/decode (= 2.30909.0)
    - nanopb/encode (= 2.30909.0)
  - nanopb/decode (2.30909.0)
  - nanopb/encode (2.30909.0)
  - PromisesObjC (2.3.1)
  - SocketRocket (0.5.1)

DEPENDENCIES:
  - AppsflyerCapacitorPlugin (from `../../node_modules/appsflyer-capacitor-plugin`)
  - "Capacitor (from `../../node_modules/@capacitor/ios`)"
  - CapacitorAdPlugin (from `../../node_modules/capacitor-ad-plugin`)
  - "CapacitorApp (from `../../node_modules/@capacitor/app`)"
  - "CapacitorCamera (from `../../node_modules/@capacitor/camera`)"
  - CapacitorClearPlugin (from `../../node_modules/capacitor-clear-plugin`)
  - "CapacitorCommunityAdmob (from `../../node_modules/@capacitor-community/admob`)"
  - "CapacitorCommunityContacts (from `../../node_modules/@capacitor-community/contacts`)"
  - "CapacitorCommunityKeepAwake (from `../../node_modules/@capacitor-community/keep-awake`)"
  - "CapacitorCordova (from `../../node_modules/@capacitor/ios`)"
  - "CapacitorDevice (from `../../node_modules/@capacitor/device`)"
  - "CapacitorKeyboard (from `../../node_modules/@capacitor/keyboard`)"
  - CapacitorPipPlugin (from `../../node_modules/capacitor-pip-plugin`)
  - "CapacitorPreferences (from `../../node_modules/@capacitor/preferences`)"
  - "CapacitorPushNotifications (from `../../node_modules/@capacitor/push-notifications`)"
  - "CapacitorSplashScreen (from `../../node_modules/@capacitor/splash-screen`)"
  - "CapacitorStatusBar (from `../../node_modules/@capacitor/status-bar`)"
  - CordovaPlugins (from `../capacitor-cordova-ios-plugins`)
  - Firebase/Messaging
  - "MozartecCapacitorMicrophone (from `../../node_modules/@mozartec/capacitor-microphone`)"

SPEC REPOS:
  trunk:
    - AppsFlyerFramework
    - Firebase
    - FirebaseCore
    - FirebaseCoreInternal
    - FirebaseInstallations
    - FirebaseMessaging
    - Google-Mobile-Ads-SDK
    - GoogleAppMeasurement
    - GoogleDataTransport
    - GoogleUserMessagingPlatform
    - GoogleUtilities
    - nanopb
    - PromisesObjC
    - SocketRocket

EXTERNAL SOURCES:
  AppsflyerCapacitorPlugin:
    :path: "../../node_modules/appsflyer-capacitor-plugin"
  Capacitor:
    :path: "../../node_modules/@capacitor/ios"
  CapacitorAdPlugin:
    :path: "../../node_modules/capacitor-ad-plugin"
  CapacitorApp:
    :path: "../../node_modules/@capacitor/app"
  CapacitorCamera:
    :path: "../../node_modules/@capacitor/camera"
  CapacitorClearPlugin:
    :path: "../../node_modules/capacitor-clear-plugin"
  CapacitorCommunityAdmob:
    :path: "../../node_modules/@capacitor-community/admob"
  CapacitorCommunityContacts:
    :path: "../../node_modules/@capacitor-community/contacts"
  CapacitorCommunityKeepAwake:
    :path: "../../node_modules/@capacitor-community/keep-awake"
  CapacitorCordova:
    :path: "../../node_modules/@capacitor/ios"
  CapacitorDevice:
    :path: "../../node_modules/@capacitor/device"
  CapacitorKeyboard:
    :path: "../../node_modules/@capacitor/keyboard"
  CapacitorPipPlugin:
    :path: "../../node_modules/capacitor-pip-plugin"
  CapacitorPreferences:
    :path: "../../node_modules/@capacitor/preferences"
  CapacitorPushNotifications:
    :path: "../../node_modules/@capacitor/push-notifications"
  CapacitorSplashScreen:
    :path: "../../node_modules/@capacitor/splash-screen"
  CapacitorStatusBar:
    :path: "../../node_modules/@capacitor/status-bar"
  CordovaPlugins:
    :path: "../capacitor-cordova-ios-plugins"
  MozartecCapacitorMicrophone:
    :path: "../../node_modules/@mozartec/capacitor-microphone"

SPEC CHECKSUMS:
  AppsflyerCapacitorPlugin: 0094cd9f754091410f30237ab7f21b2604db12f5
  AppsFlyerFramework: e29b63fc5441400a38a31c5501c1da500b9d53d0
  Capacitor: 9da0a2415e3b6098511f8b5ffdb578d91ee79f8f
  CapacitorAdPlugin: f0260883c4775887429e92b5cfdf0db01782c4db
  CapacitorApp: 024e1b1bea5f883d79f6330d309bc441c88ad04a
  CapacitorCamera: 084b0b228bba7d00587910337b1c89e93b1d32ab
  CapacitorClearPlugin: 575be937623cc16a824433939a26048712a7c521
  CapacitorCommunityAdmob: dfa5cf8cdd1d78c27b685d87413c51a91c761c69
  CapacitorCommunityContacts: 45de2477f7dc6265d267677939a2c75465d2ed87
  CapacitorCommunityKeepAwake: f3442e3e9b666dd0162522fbd053da1fe81ede20
  CapacitorCordova: e128cc7688c070ca0bfa439898a5f609da8dbcfe
  CapacitorDevice: 2c968f98a1ec4d22357418c1521e7ddc46c675e6
  CapacitorKeyboard: b978154b024a5f65e044908e37d15b7de58b9d12
  CapacitorPipPlugin: 78c0c5032aaa36e91a43753bbcee178433fa41e6
  CapacitorPreferences: f03954bcb0ff09c792909e46bff88e3183c16b10
  CapacitorPushNotifications: b31e326c6e4eb216a622041d6ca21a973f34943f
  CapacitorSplashScreen: 5fa2ab5e46cf5cc530cf16a51c80c7a986579ccd
  CapacitorStatusBar: 565c0a1ebd79bb40d797606a8992b4a105885309
  CordovaPlugins: 85a522dff0f8c85b9e7a43d7b027e3cebcdcd0fd
  Firebase: 25899099b77d255a636e3579c3d9dce10ec150d5
  FirebaseCore: 65a801af84cca84361ef9eac3fd868656968a53b
  FirebaseCoreInternal: 26233f705cc4531236818a07ac84d20c333e505a
  FirebaseInstallations: b822f91a61f7d1ba763e5ccc9d4f2e6f2ed3b3ee
  FirebaseMessaging: 80b4a086d20ed4fd385a702f4bfa920e14f5064d
  Google-Mobile-Ads-SDK: 894be2e3e3e8281004bda14381f9af7ad73eeffd
  GoogleAppMeasurement: 079d7632810e9d9704a99932547ba1554acc4342
  GoogleDataTransport: 54dee9d48d14580407f8f5fbf2f496e92437a2f2
  GoogleUserMessagingPlatform: dce302b8f1b84d6e945812ee7a15c3f65a102cbf
  GoogleUtilities: 13e2c67ede716b8741c7989e26893d151b2b2084
  MozartecCapacitorMicrophone: 78fa61dd3a64f2f017602bff9f51f88acb872a4c
  nanopb: b552cce312b6c8484180ef47159bc0f65a1f0431
  PromisesObjC: c50d2056b5253dadbd6c2bea79b0674bd5a52fa4
  SocketRocket: d57c7159b83c3c6655745cd15302aa24b6bae531

PODFILE CHECKSUM: 5db59fe39d7408e30a4930c386d3d865dc829f41

COCOAPODS: 1.13.0
